// !$*UTF8*$!
{
	archiveVersion = 1;
	classes = {
	};
	objectVersion = 52;
	objects = {

/* Begin PBXBuildFile section */
		552B32D624047D83007621AB /* ImageKit in Frameworks */ = {isa = PBXBuildFile; productRef = 552B32D524047D83007621AB /* ImageKit */; };
		55356B3224043D5D00715859 /* AppDelegate.swift in Sources */ = {isa = PBXBuildFile; fileRef = 55356B3124043D5D00715859 /* AppDelegate.swift */; };
		55356B3424043D5D00715859 /* SceneDelegate.swift in Sources */ = {isa = PBXBuildFile; fileRef = 55356B3324043D5D00715859 /* SceneDelegate.swift */; };
		55356B3624043D5D00715859 /* MapViewController.swift in Sources */ = {isa = PBXBuildFile; fileRef = 55356B3524043D5D00715859 /* MapViewController.swift */; };
		55356B3924043D5D00715859 /* Main.storyboard in Resources */ = {isa = PBXBuildFile; fileRef = 55356B3724043D5D00715859 /* Main.storyboard */; };
		55356B3B24043D5F00715859 /* Assets.xcassets in Resources */ = {isa = PBXBuildFile; fileRef = 55356B3A24043D5F00715859 /* Assets.xcassets */; };
		55356B3E24043D5F00715859 /* LaunchScreen.storyboard in Resources */ = {isa = PBXBuildFile; fileRef = 55356B3C24043D5F00715859 /* LaunchScreen.storyboard */; };
		55356B4924043D5F00715859 /* MapKit_LabTests.swift in Sources */ = {isa = PBXBuildFile; fileRef = 55356B4824043D5F00715859 /* MapKit_LabTests.swift */; };
		55356B5724043E8C00715859 /* apiClient.swift in Sources */ = {isa = PBXBuildFile; fileRef = 55356B5624043E8C00715859 /* apiClient.swift */; };
		55356B5924043E9600715859 /* model.swift in Sources */ = {isa = PBXBuildFile; fileRef = 55356B5824043E9600715859 /* model.swift */; };
		55356B5B2404417300715859 /* CoreLocationSession.swift in Sources */ = {isa = PBXBuildFile; fileRef = 55356B5A2404417300715859 /* CoreLocationSession.swift */; };
/* End PBXBuildFile section */

/* Begin PBXContainerItemProxy section */
		55356B4524043D5F00715859 /* PBXContainerItemProxy */ = {
			isa = PBXContainerItemProxy;
			containerPortal = 55356B2624043D5C00715859 /* Project object */;
			proxyType = 1;
			remoteGlobalIDString = 55356B2D24043D5D00715859;
			remoteInfo = "MapKit Lab";
		};
/* End PBXContainerItemProxy section */

/* Begin PBXFileReference section */
		55356B2E24043D5D00715859 /* MapKit Introduction Lab.app */ = {isa = PBXFileReference; explicitFileType = wrapper.application; includeInIndex = 0; path = "MapKit Introduction Lab.app"; sourceTree = BUILT_PRODUCTS_DIR; };
		55356B3124043D5D00715859 /* AppDelegate.swift */ = {isa = PBXFileReference; lastKnownFileType = sourcecode.swift; path = AppDelegate.swift; sourceTree = "<group>"; };
		55356B3324043D5D00715859 /* SceneDelegate.swift */ = {isa = PBXFileReference; lastKnownFileType = sourcecode.swift; path = SceneDelegate.swift; sourceTree = "<group>"; };
		55356B3524043D5D00715859 /* MapViewController.swift */ = {isa = PBXFileReference; lastKnownFileType = sourcecode.swift; path = MapViewController.swift; sourceTree = "<group>"; };
		55356B3824043D5D00715859 /* Base */ = {isa = PBXFileReference; lastKnownFileType = file.storyboard; name = Base; path = Base.lproj/Main.storyboard; sourceTree = "<group>"; };
		55356B3A24043D5F00715859 /* Assets.xcassets */ = {isa = PBXFileReference; lastKnownFileType = folder.assetcatalog; path = Assets.xcassets; sourceTree = "<group>"; };
		55356B3D24043D5F00715859 /* Base */ = {isa = PBXFileReference; lastKnownFileType = file.storyboard; name = Base; path = Base.lproj/LaunchScreen.storyboard; sourceTree = "<group>"; };
		55356B3F24043D5F00715859 /* Info.plist */ = {isa = PBXFileReference; lastKnownFileType = text.plist.xml; path = Info.plist; sourceTree = "<group>"; };
		55356B4424043D5F00715859 /* MapKit Introduction LabTests.xctest */ = {isa = PBXFileReference; explicitFileType = wrapper.cfbundle; includeInIndex = 0; path = "MapKit Introduction LabTests.xctest"; sourceTree = BUILT_PRODUCTS_DIR; };
		55356B4824043D5F00715859 /* MapKit_LabTests.swift */ = {isa = PBXFileReference; lastKnownFileType = sourcecode.swift; path = MapKit_LabTests.swift; sourceTree = "<group>"; };
		55356B4A24043D5F00715859 /* Info.plist */ = {isa = PBXFileReference; lastKnownFileType = text.plist.xml; path = Info.plist; sourceTree = "<group>"; };
		55356B5624043E8C00715859 /* apiClient.swift */ = {isa = PBXFileReference; lastKnownFileType = sourcecode.swift; path = apiClient.swift; sourceTree = "<group>"; };
		55356B5824043E9600715859 /* model.swift */ = {isa = PBXFileReference; lastKnownFileType = sourcecode.swift; path = model.swift; sourceTree = "<group>"; };
		55356B5A2404417300715859 /* CoreLocationSession.swift */ = {isa = PBXFileReference; lastKnownFileType = sourcecode.swift; path = CoreLocationSession.swift; sourceTree = "<group>"; };
/* End PBXFileReference section */

/* Begin PBXFrameworksBuildPhase section */
		55356B2B24043D5D00715859 /* Frameworks */ = {
			isa = PBXFrameworksBuildPhase;
			buildActionMask = 2147483647;
			files = (
				552B32D624047D83007621AB /* ImageKit in Frameworks */,
			);
			runOnlyForDeploymentPostprocessing = 0;
		};
		55356B4124043D5F00715859 /* Frameworks */ = {
			isa = PBXFrameworksBuildPhase;
			buildActionMask = 2147483647;
			files = (
			);
			runOnlyForDeploymentPostprocessing = 0;
		};
/* End PBXFrameworksBuildPhase section */

/* Begin PBXGroup section */
		55356B2524043D5C00715859 = {
			isa = PBXGroup;
			children = (
				55356B3024043D5D00715859 /* MapKit Lab */,
				55356B4724043D5F00715859 /* MapKit LabTests */,
				55356B2F24043D5D00715859 /* Products */,
			);
			sourceTree = "<group>";
		};
		55356B2F24043D5D00715859 /* Products */ = {
			isa = PBXGroup;
			children = (
				55356B2E24043D5D00715859 /* MapKit Introduction Lab.app */,
				55356B4424043D5F00715859 /* MapKit Introduction LabTests.xctest */,
			);
			name = Products;
			sourceTree = "<group>";
		};
		55356B3024043D5D00715859 /* MapKit Lab */ = {
			isa = PBXGroup;
			children = (
				55356B5324043E1600715859 /* supporting files */,
				55356B5424043E2400715859 /* controllers */,
				55356B5524043E4F00715859 /* apiANDModel */,
				55356B3724043D5D00715859 /* Main.storyboard */,
				55356B3F24043D5F00715859 /* Info.plist */,
			);
			path = "MapKit Lab";
			sourceTree = "<group>";
		};
		55356B4724043D5F00715859 /* MapKit LabTests */ = {
			isa = PBXGroup;
			children = (
				55356B4824043D5F00715859 /* MapKit_LabTests.swift */,
				55356B4A24043D5F00715859 /* Info.plist */,
			);
			path = "MapKit LabTests";
			sourceTree = "<group>";
		};
		55356B5324043E1600715859 /* supporting files */ = {
			isa = PBXGroup;
			children = (
				55356B3124043D5D00715859 /* AppDelegate.swift */,
				55356B3324043D5D00715859 /* SceneDelegate.swift */,
				55356B3A24043D5F00715859 /* Assets.xcassets */,
				55356B3C24043D5F00715859 /* LaunchScreen.storyboard */,
				55356B5A2404417300715859 /* CoreLocationSession.swift */,
			);
			path = "supporting files";
			sourceTree = "<group>";
		};
		55356B5424043E2400715859 /* controllers */ = {
			isa = PBXGroup;
			children = (
				55356B3524043D5D00715859 /* MapViewController.swift */,
			);
			path = controllers;
			sourceTree = "<group>";
		};
		55356B5524043E4F00715859 /* apiANDModel */ = {
			isa = PBXGroup;
			children = (
				55356B5624043E8C00715859 /* apiClient.swift */,
				55356B5824043E9600715859 /* model.swift */,
			);
			path = apiANDModel;
			sourceTree = "<group>";
		};
/* End PBXGroup section */

/* Begin PBXNativeTarget section */
		55356B2D24043D5D00715859 /* MapKit Introduction Lab */ = {
			isa = PBXNativeTarget;
			buildConfigurationList = 55356B4D24043D5F00715859 /* Build configuration list for PBXNativeTarget "MapKit Introduction Lab" */;
			buildPhases = (
				55356B2A24043D5D00715859 /* Sources */,
				55356B2B24043D5D00715859 /* Frameworks */,
				55356B2C24043D5D00715859 /* Resources */,
			);
			buildRules = (
			);
			dependencies = (
			);
			name = "MapKit Introduction Lab";
			packageProductDependencies = (
				552B32D524047D83007621AB /* ImageKit */,
			);
			productName = "MapKit Lab";
			productReference = 55356B2E24043D5D00715859 /* MapKit Introduction Lab.app */;
			productType = "com.apple.product-type.application";
		};
		55356B4324043D5F00715859 /* MapKit Introduction LabTests */ = {
			isa = PBXNativeTarget;
			buildConfigurationList = 55356B5024043D5F00715859 /* Build configuration list for PBXNativeTarget "MapKit Introduction LabTests" */;
			buildPhases = (
				55356B4024043D5F00715859 /* Sources */,
				55356B4124043D5F00715859 /* Frameworks */,
				55356B4224043D5F00715859 /* Resources */,
			);
			buildRules = (
			);
			dependencies = (
				55356B4624043D5F00715859 /* PBXTargetDependency */,
			);
			name = "MapKit Introduction LabTests";
			productName = "MapKit LabTests";
			productReference = 55356B4424043D5F00715859 /* MapKit Introduction LabTests.xctest */;
			productType = "com.apple.product-type.bundle.unit-test";
		};
/* End PBXNativeTarget section */

/* Begin PBXProject section */
		55356B2624043D5C00715859 /* Project object */ = {
			isa = PBXProject;
			attributes = {
				LastSwiftUpdateCheck = 1120;
				LastUpgradeCheck = 1120;
				ORGANIZATIONNAME = Pursuit;
				TargetAttributes = {
					55356B2D24043D5D00715859 = {
						CreatedOnToolsVersion = 11.2.1;
					};
					55356B4324043D5F00715859 = {
						CreatedOnToolsVersion = 11.2.1;
						TestTargetID = 55356B2D24043D5D00715859;
					};
				};
			};
			buildConfigurationList = 55356B2924043D5C00715859 /* Build configuration list for PBXProject "MapKit Introduction Lab" */;
			compatibilityVersion = "Xcode 9.3";
			developmentRegion = en;
			hasScannedForEncodings = 0;
			knownRegions = (
				en,
				Base,
			);
			mainGroup = 55356B2524043D5C00715859;
			packageReferences = (
				552B32D424047D83007621AB /* XCRemoteSwiftPackageReference "ImageKit" */,
			);
			productRefGroup = 55356B2F24043D5D00715859 /* Products */;
			projectDirPath = "";
			projectRoot = "";
			targets = (
				55356B2D24043D5D00715859 /* MapKit Introduction Lab */,
				55356B4324043D5F00715859 /* MapKit Introduction LabTests */,
			);
		};
/* End PBXProject section */

/* Begin PBXResourcesBuildPhase section */
		55356B2C24043D5D00715859 /* Resources */ = {
			isa = PBXResourcesBuildPhase;
			buildActionMask = 2147483647;
			files = (
				55356B3E24043D5F00715859 /* LaunchScreen.storyboard in Resources */,
				55356B3B24043D5F00715859 /* Assets.xcassets in Resources */,
				55356B3924043D5D00715859 /* Main.storyboard in Resources */,
			);
			runOnlyForDeploymentPostprocessing = 0;
		};
		55356B4224043D5F00715859 /* Resources */ = {
			isa = PBXResourcesBuildPhase;
			buildActionMask = 2147483647;
			files = (
			);
			runOnlyForDeploymentPostprocessing = 0;
		};
/* End PBXResourcesBuildPhase section */

/* Begin PBXSourcesBuildPhase section */
		55356B2A24043D5D00715859 /* Sources */ = {
			isa = PBXSourcesBuildPhase;
			buildActionMask = 2147483647;
			files = (
				55356B5924043E9600715859 /* model.swift in Sources */,
				55356B3624043D5D00715859 /* MapViewController.swift in Sources */,
				55356B5B2404417300715859 /* CoreLocationSession.swift in Sources */,
				55356B3224043D5D00715859 /* AppDelegate.swift in Sources */,
				55356B3424043D5D00715859 /* SceneDelegate.swift in Sources */,
				55356B5724043E8C00715859 /* apiClient.swift in Sources */,
			);
			runOnlyForDeploymentPostprocessing = 0;
		};
		55356B4024043D5F00715859 /* Sources */ = {
			isa = PBXSourcesBuildPhase;
			buildActionMask = 2147483647;
			files = (
				55356B4924043D5F00715859 /* MapKit_LabTests.swift in Sources */,
			);
			runOnlyForDeploymentPostprocessing = 0;
		};
/* End PBXSourcesBuildPhase section */

/* Begin PBXTargetDependency section */
		55356B4624043D5F00715859 /* PBXTargetDependency */ = {
			isa = PBXTargetDependency;
			target = 55356B2D24043D5D00715859 /* MapKit Introduction Lab */;
			targetProxy = 55356B4524043D5F00715859 /* PBXContainerItemProxy */;
		};
/* End PBXTargetDependency section */

/* Begin PBXVariantGroup section */
		55356B3724043D5D00715859 /* Main.storyboard */ = {
			isa = PBXVariantGroup;
			children = (
				55356B3824043D5D00715859 /* Base */,
			);
			name = Main.storyboard;
			sourceTree = "<group>";
		};
		55356B3C24043D5F00715859 /* LaunchScreen.storyboard */ = {
			isa = PBXVariantGroup;
			children = (
				55356B3D24043D5F00715859 /* Base */,
			);
			name = LaunchScreen.storyboard;
			sourceTree = "<group>";
		};
/* End PBXVariantGroup section */

/* Begin XCBuildConfiguration section */
		55356B4B24043D5F00715859 /* Debug */ = {
			isa = XCBuildConfiguration;
			buildSettings = {
				ALWAYS_SEARCH_USER_PATHS = NO;
				CLANG_ANALYZER_NONNULL = YES;
				CLANG_ANALYZER_NUMBER_OBJECT_CONVERSION = YES_AGGRESSIVE;
				CLANG_CXX_LANGUAGE_STANDARD = "gnu++14";
				CLANG_CXX_LIBRARY = "libc++";
				CLANG_ENABLE_MODULES = YES;
				CLANG_ENABLE_OBJC_ARC = YES;
				CLANG_ENABLE_OBJC_WEAK = YES;
				CLANG_WARN_BLOCK_CAPTURE_AUTORELEASING = YES;
				CLANG_WARN_BOOL_CONVERSION = YES;
				CLANG_WARN_COMMA = YES;
				CLANG_WARN_CONSTANT_CONVERSION = YES;
				CLANG_WARN_DEPRECATED_OBJC_IMPLEMENTATIONS = YES;
				CLANG_WARN_DIRECT_OBJC_ISA_USAGE = YES_ERROR;
				CLANG_WARN_DOCUMENTATION_COMMENTS = YES;
				CLANG_WARN_EMPTY_BODY = YES;
				CLANG_WARN_ENUM_CONVERSION = YES;
				CLANG_WARN_INFINITE_RECURSION = YES;
				CLANG_WARN_INT_CONVERSION = YES;
				CLANG_WARN_NON_LITERAL_NULL_CONVERSION = YES;
				CLANG_WARN_OBJC_IMPLICIT_RETAIN_SELF = YES;
				CLANG_WARN_OBJC_LITERAL_CONVERSION = YES;
				CLANG_WARN_OBJC_ROOT_CLASS = YES_ERROR;
				CLANG_WARN_RANGE_LOOP_ANALYSIS = YES;
				CLANG_WARN_STRICT_PROTOTYPES = YES;
				CLANG_WARN_SUSPICIOUS_MOVE = YES;
				CLANG_WARN_UNGUARDED_AVAILABILITY = YES_AGGRESSIVE;
				CLANG_WARN_UNREACHABLE_CODE = YES;
				CLANG_WARN__DUPLICATE_METHOD_MATCH = YES;
				COPY_PHASE_STRIP = NO;
				DEBUG_INFORMATION_FORMAT = dwarf;
				ENABLE_STRICT_OBJC_MSGSEND = YES;
				ENABLE_TESTABILITY = YES;
				GCC_C_LANGUAGE_STANDARD = gnu11;
				GCC_DYNAMIC_NO_PIC = NO;
				GCC_NO_COMMON_BLOCKS = YES;
				GCC_OPTIMIZATION_LEVEL = 0;
				GCC_PREPROCESSOR_DEFINITIONS = (
					"DEBUG=1",
					"$(inherited)",
				);
				GCC_WARN_64_TO_32_BIT_CONVERSION = YES;
				GCC_WARN_ABOUT_RETURN_TYPE = YES_ERROR;
				GCC_WARN_UNDECLARED_SELECTOR = YES;
				GCC_WARN_UNINITIALIZED_AUTOS = YES_AGGRESSIVE;
				GCC_WARN_UNUSED_FUNCTION = YES;
				GCC_WARN_UNUSED_VARIABLE = YES;
				IPHONEOS_DEPLOYMENT_TARGET = 13.2;
				MTL_ENABLE_DEBUG_INFO = INCLUDE_SOURCE;
				MTL_FAST_MATH = YES;
				ONLY_ACTIVE_ARCH = YES;
				SDKROOT = iphoneos;
				SWIFT_ACTIVE_COMPILATION_CONDITIONS = DEBUG;
				SWIFT_OPTIMIZATION_LEVEL = "-Onone";
			};
			name = Debug;
		};
		55356B4C24043D5F00715859 /* Release */ = {
			isa = XCBuildConfiguration;
			buildSettings = {
				ALWAYS_SEARCH_USER_PATHS = NO;
				CLANG_ANALYZER_NONNULL = YES;
				CLANG_ANALYZER_NUMBER_OBJECT_CONVERSION = YES_AGGRESSIVE;
				CLANG_CXX_LANGUAGE_STANDARD = "gnu++14";
				CLANG_CXX_LIBRARY = "libc++";
				CLANG_ENABLE_MODULES = YES;
				CLANG_ENABLE_OBJC_ARC = YES;
				CLANG_ENABLE_OBJC_WEAK = YES;
				CLANG_WARN_BLOCK_CAPTURE_AUTORELEASING = YES;
				CLANG_WARN_BOOL_CONVERSION = YES;
				CLANG_WARN_COMMA = YES;
				CLANG_WARN_CONSTANT_CONVERSION = YES;
				CLANG_WARN_DEPRECATED_OBJC_IMPLEMENTATIONS = YES;
				CLANG_WARN_DIRECT_OBJC_ISA_USAGE = YES_ERROR;
				CLANG_WARN_DOCUMENTATION_COMMENTS = YES;
				CLANG_WARN_EMPTY_BODY = YES;
				CLANG_WARN_ENUM_CONVERSION = YES;
				CLANG_WARN_INFINITE_RECURSION = YES;
				CLANG_WARN_INT_CONVERSION = YES;
				CLANG_WARN_NON_LITERAL_NULL_CONVERSION = YES;
				CLANG_WARN_OBJC_IMPLICIT_RETAIN_SELF = YES;
				CLANG_WARN_OBJC_LITERAL_CONVERSION = YES;
				CLANG_WARN_OBJC_ROOT_CLASS = YES_ERROR;
				CLANG_WARN_RANGE_LOOP_ANALYSIS = YES;
				CLANG_WARN_STRICT_PROTOTYPES = YES;
				CLANG_WARN_SUSPICIOUS_MOVE = YES;
				CLANG_WARN_UNGUARDED_AVAILABILITY = YES_AGGRESSIVE;
				CLANG_WARN_UNREACHABLE_CODE = YES;
				CLANG_WARN__DUPLICATE_METHOD_MATCH = YES;
				COPY_PHASE_STRIP = NO;
				DEBUG_INFORMATION_FORMAT = "dwarf-with-dsym";
				ENABLE_NS_ASSERTIONS = NO;
				ENABLE_STRICT_OBJC_MSGSEND = YES;
				GCC_C_LANGUAGE_STANDARD = gnu11;
				GCC_NO_COMMON_BLOCKS = YES;
				GCC_WARN_64_TO_32_BIT_CONVERSION = YES;
				GCC_WARN_ABOUT_RETURN_TYPE = YES_ERROR;
				GCC_WARN_UNDECLARED_SELECTOR = YES;
				GCC_WARN_UNINITIALIZED_AUTOS = YES_AGGRESSIVE;
				GCC_WARN_UNUSED_FUNCTION = YES;
				GCC_WARN_UNUSED_VARIABLE = YES;
				IPHONEOS_DEPLOYMENT_TARGET = 13.2;
				MTL_ENABLE_DEBUG_INFO = NO;
				MTL_FAST_MATH = YES;
				SDKROOT = iphoneos;
				SWIFT_COMPILATION_MODE = wholemodule;
				SWIFT_OPTIMIZATION_LEVEL = "-O";
				VALIDATE_PRODUCT = YES;
			};
			name = Release;
		};
		55356B4E24043D5F00715859 /* Debug */ = {
			isa = XCBuildConfiguration;
			buildSettings = {
				ASSETCATALOG_COMPILER_APPICON_NAME = AppIcon;
				CODE_SIGN_STYLE = Automatic;
				DEVELOPMENT_TEAM = T3TVM2A475;
				INFOPLIST_FILE = "MapKit Lab/Info.plist";
				LD_RUNPATH_SEARCH_PATHS = (
					"$(inherited)",
					"@executable_path/Frameworks",
				);
				PRODUCT_BUNDLE_IDENTIFIER = "pursuitful.MapKit-Lab";
				PRODUCT_NAME = "MapKit Introduction Lab";
				SWIFT_VERSION = 5.0;
				TARGETED_DEVICE_FAMILY = "1,2";
			};
			name = Debug;
		};
		55356B4F24043D5F00715859 /* Release */ = {
			isa = XCBuildConfiguration;
			buildSettings = {
				ASSETCATALOG_COMPILER_APPICON_NAME = AppIcon;
				CODE_SIGN_STYLE = Automatic;
				DEVELOPMENT_TEAM = T3TVM2A475;
				INFOPLIST_FILE = "MapKit Lab/Info.plist";
				LD_RUNPATH_SEARCH_PATHS = (
					"$(inherited)",
					"@executable_path/Frameworks",
				);
				PRODUCT_BUNDLE_IDENTIFIER = "pursuitful.MapKit-Lab";
				PRODUCT_NAME = "MapKit Introduction Lab";
				SWIFT_VERSION = 5.0;
				TARGETED_DEVICE_FAMILY = "1,2";
			};
			name = Release;
		};
		55356B5124043D5F00715859 /* Debug */ = {
			isa = XCBuildConfiguration;
			buildSettings = {
				ALWAYS_EMBED_SWIFT_STANDARD_LIBRARIES = YES;
				BUNDLE_LOADER = "$(TEST_HOST)";
				CODE_SIGN_STYLE = Automatic;
				DEVELOPMENT_TEAM = T3TVM2A475;
				INFOPLIST_FILE = "MapKit LabTests/Info.plist";
				IPHONEOS_DEPLOYMENT_TARGET = 13.2;
				LD_RUNPATH_SEARCH_PATHS = (
					"$(inherited)",
					"@executable_path/Frameworks",
					"@loader_path/Frameworks",
				);
				PRODUCT_BUNDLE_IDENTIFIER = "pursuitful.MapKit-LabTests";
				PRODUCT_NAME = "$(TARGET_NAME)";
				SWIFT_VERSION = 5.0;
				TARGETED_DEVICE_FAMILY = "1,2";
				TEST_HOST = "$(BUILT_PRODUCTS_DIR)/MapKit Introduction Lab.app/MapKit Introduction Lab";
			};
			name = Debug;
		};
		55356B5224043D5F00715859 /* Release */ = {
			isa = XCBuildConfiguration;
			buildSettings = {
				ALWAYS_EMBED_SWIFT_STANDARD_LIBRARIES = YES;
				BUNDLE_LOADER = "$(TEST_HOST)";
				CODE_SIGN_STYLE = Automatic;
				DEVELOPMENT_TEAM = T3TVM2A475;
				INFOPLIST_FILE = "MapKit LabTests/Info.plist";
				IPHONEOS_DEPLOYMENT_TARGET = 13.2;
				LD_RUNPATH_SEARCH_PATHS = (
					"$(inherited)",
					"@executable_path/Frameworks",
					"@loader_path/Frameworks",
				);
				PRODUCT_BUNDLE_IDENTIFIER = "pursuitful.MapKit-LabTests";
				PRODUCT_NAME = "$(TARGET_NAME)";
				SWIFT_VERSION = 5.0;
				TARGETED_DEVICE_FAMILY = "1,2";
				TEST_HOST = "$(BUILT_PRODUCTS_DIR)/MapKit Introduction Lab.app/MapKit Introduction Lab";
			};
			name = Release;
		};
/* End XCBuildConfiguration section */

/* Begin XCConfigurationList section */
		55356B2924043D5C00715859 /* Build configuration list for PBXProject "MapKit Introduction Lab" */ = {
			isa = XCConfigurationList;
			buildConfigurations = (
				55356B4B24043D5F00715859 /* Debug */,
				55356B4C24043D5F00715859 /* Release */,
			);
			defaultConfigurationIsVisible = 0;
			defaultConfigurationName = Release;
		};
		55356B4D24043D5F00715859 /* Build configuration list for PBXNativeTarget "MapKit Introduction Lab" */ = {
			isa = XCConfigurationList;
			buildConfigurations = (
				55356B4E24043D5F00715859 /* Debug */,
				55356B4F24043D5F00715859 /* Release */,
			);
			defaultConfigurationIsVisible = 0;
			defaultConfigurationName = Release;
		};
		55356B5024043D5F00715859 /* Build configuration list for PBXNativeTarget "MapKit Introduction LabTests" */ = {
			isa = XCConfigurationList;
			buildConfigurations = (
				55356B5124043D5F00715859 /* Debug */,
				55356B5224043D5F00715859 /* Release */,
			);
			defaultConfigurationIsVisible = 0;
			defaultConfigurationName = Release;
		};
/* End XCConfigurationList section */

/* Begin XCRemoteSwiftPackageReference section */
		552B32D424047D83007621AB /* XCRemoteSwiftPackageReference "ImageKit" */ = {
			isa = XCRemoteSwiftPackageReference;
			repositoryURL = "https://github.com/alexpaul/ImageKit";
			requirement = {
				kind = upToNextMajorVersion;
				minimumVersion = 1.0.4;
			};
		};
/* End XCRemoteSwiftPackageReference section */

/* Begin XCSwiftPackageProductDependency section */
		552B32D524047D83007621AB /* ImageKit */ = {
			isa = XCSwiftPackageProductDependency;
			package = 552B32D424047D83007621AB /* XCRemoteSwiftPackageReference "ImageKit" */;
			productName = ImageKit;
		};
/* End XCSwiftPackageProductDependency section */
	};
	rootObject = 55356B2624043D5C00715859 /* Project object */;
}
